
Microsoft Visual Studio Solution File, Format Version 12.00
# Visual Studio Version 16
VisualStudioVersion = 16.0.28803.352
MinimumVisualStudioVersion = 10.0.40219.1
Project("{FAE04EC0-301F-11D3-BF4B-00C04F79EFBC}") = "HouseholdManagement", "HouseholdManagement\HouseholdManagement.csproj", "{D865F0EB-889A-4E75-838B-B73E862A2894}"
EndProject
Global
	GlobalSection(SolutionConfigurationPlatforms) = preSolution
		Debug|Any CPU = Debug|Any CPU
		Release|Any CPU = Release|Any CPU
	EndGlobalSection
	GlobalSection(ProjectConfigurationPlatforms) = postSolution
		{D865F0EB-889A-4E75-838B-B73E862A2894}.Debug|Any CPU.ActiveCfg = Debug|Any CPU
		{D865F0EB-889A-4E75-838B-B73E862A2894}.Debug|Any CPU.Build.0 = Debug|Any CPU
		{D865F0EB-889A-4E75-838B-B73E862A2894}.Release|Any CPU.ActiveCfg = Release|Any CPU
		{D865F0EB-889A-4E75-838B-B73E862A2894}.Release|Any CPU.Build.0 = Release|Any CPU
	EndGlobalSection
	GlobalSection(SolutionProperties) = preSolution
		HideSolutionNode = FALSE
	EndGlobalSection
	GlobalSection(ExtensibilityGlobals) = postSolution
		SolutionGuid = {DCC29C19-B42E-458A-A819-5D6449DB7400}
	EndGlobalSection
EndGlobal
